github.com/authplane/go-sdk/core v0.2.0 h1:W5S4dF9C0ptSccRG2mI31nHyFxWSgZmS5F3g38kxPWc=
github.com/authplane/go-sdk/core v0.2.0/go.mod h1:MG4lXcApugXCwXnXwMfOJxfmezK6Sk1V87stBuZaILw=
github.com/go-jose/go-jose/v4 v4.1.4 h1:moDMcTHmvE6Groj34emNPLs/qtYXRVcd6S7NHbHz3kA=
github.com/go-jose/go-jose/v4 v4.1.4/go.mod h1:x4oUasVrzR7071A4TnHLGSPpNOm2a21K9Kf04k1rs08=
